
Microsoft Visual Studio Solution File, Format Version 12.00
# Visual Studio Version 17
VisualStudioVersion = 17.4.33213.308
MinimumVisualStudioVersion = 10.0.40219.1
Project("{FAE04EC0-301F-11D3-BF4B-00C04F79EFBC}") = "Orderlytics_Orders", "Orderlytics_Orders\Orderlytics_Orders.csproj", "{9936F7F5-75FC-49CF-AEB2-5DC8E8DBE3D7}"
EndProject
Project("{FAE04EC0-301F-11D3-BF4B-00C04F79EFBC}") = "BusinessLayer", "BusinessLayer\BusinessLayer.csproj", "{5A8F0B17-3C19-4F38-BB01-0299F3280725}"
EndProject
Project("{FAE04EC0-301F-11D3-BF4B-00C04F79EFBC}") = "DataAccessLayer", "DataAccessLayer\DataAccessLayer.csproj", "{C5CBA144-5292-437C-98A8-873E9BD356D3}"
EndProject
Global
	GlobalSection(SolutionConfigurationPlatforms) = preSolution
		Debug|Any CPU = Debug|Any CPU
		Release|Any CPU = Release|Any CPU
	EndGlobalSection
	GlobalSection(ProjectConfigurationPlatforms) = postSolution
		{9936F7F5-75FC-49CF-AEB2-5DC8E8DBE3D7}.Debug|Any CPU.ActiveCfg = Debug|Any CPU
		{9936F7F5-75FC-49CF-AEB2-5DC8E8DBE3D7}.Debug|Any CPU.Build.0 = Debug|Any CPU
		{9936F7F5-75FC-49CF-AEB2-5DC8E8DBE3D7}.Release|Any CPU.ActiveCfg = Release|Any CPU
		{9936F7F5-75FC-49CF-AEB2-5DC8E8DBE3D7}.Release|Any CPU.Build.0 = Release|Any CPU
		{5A8F0B17-3C19-4F38-BB01-0299F3280725}.Debug|Any CPU.ActiveCfg = Debug|Any CPU
		{5A8F0B17-3C19-4F38-BB01-0299F3280725}.Debug|Any CPU.Build.0 = Debug|Any CPU
		{5A8F0B17-3C19-4F38-BB01-0299F3280725}.Release|Any CPU.ActiveCfg = Release|Any CPU
		{5A8F0B17-3C19-4F38-BB01-0299F3280725}.Release|Any CPU.Build.0 = Release|Any CPU
		{C5CBA144-5292-437C-98A8-873E9BD356D3}.Debug|Any CPU.ActiveCfg = Debug|Any CPU
		{C5CBA144-5292-437C-98A8-873E9BD356D3}.Debug|Any CPU.Build.0 = Debug|Any CPU
		{C5CBA144-5292-437C-98A8-873E9BD356D3}.Release|Any CPU.ActiveCfg = Release|Any CPU
		{C5CBA144-5292-437C-98A8-873E9BD356D3}.Release|Any CPU.Build.0 = Release|Any CPU
	EndGlobalSection
	GlobalSection(SolutionProperties) = preSolution
		HideSolutionNode = FALSE
	EndGlobalSection
	GlobalSection(ExtensibilityGlobals) = postSolution
		SolutionGuid = {EF8FCF03-1F98-400D-A598-F8378490FEE4}
	EndGlobalSection
EndGlobal
